// !$*UTF8*$!
{
	archiveVersion = 1;
	classes = {
	};
	objectVersion = 55;
	objects = {

/* Begin PBXBuildFile section */
		B092377427F0EE7B0017C21D /* TaipanApp.swift in Sources */ = {isa = PBXBuildFile; fileRef = B092376427F0EE7A0017C21D /* TaipanApp.swift */; };
		B092377527F0EE7B0017C21D /* TaipanApp.swift in Sources */ = {isa = PBXBuildFile; fileRef = B092376427F0EE7A0017C21D /* TaipanApp.swift */; };
		B092377627F0EE7B0017C21D /* ContentView.swift in Sources */ = {isa = PBXBuildFile; fileRef = B092376527F0EE7A0017C21D /* ContentView.swift */; };
		B092377727F0EE7B0017C21D /* ContentView.swift in Sources */ = {isa = PBXBuildFile; fileRef = B092376527F0EE7A0017C21D /* ContentView.swift */; };
		B092377827F0EE7B0017C21D /* Assets.xcassets in Resources */ = {isa = PBXBuildFile; fileRef = B092376627F0EE7B0017C21D /* Assets.xcassets */; };
		B092377927F0EE7B0017C21D /* Assets.xcassets in Resources */ = {isa = PBXBuildFile; fileRef = B092376627F0EE7B0017C21D /* Assets.xcassets */; };
		B092379727F10F2E0017C21D /* MorrisRoman-Black.ttf in Resources */ = {isa = PBXBuildFile; fileRef = B092379227F10F2E0017C21D /* MorrisRoman-Black.ttf */; };
		B092379827F10F2E0017C21D /* MorrisRoman-Black.ttf in Resources */ = {isa = PBXBuildFile; fileRef = B092379227F10F2E0017C21D /* MorrisRoman-Black.ttf */; };
		B092379A27F18C150017C21D /* TaipanGame.swift in Sources */ = {isa = PBXBuildFile; fileRef = B092379927F18C150017C21D /* TaipanGame.swift */; };
		B092379B27F18C150017C21D /* TaipanGame.swift in Sources */ = {isa = PBXBuildFile; fileRef = B092379927F18C150017C21D /* TaipanGame.swift */; };
/* End PBXBuildFile section */

/* Begin PBXFileReference section */
		B092376427F0EE7A0017C21D /* TaipanApp.swift */ = {isa = PBXFileReference; lastKnownFileType = sourcecode.swift; path = TaipanApp.swift; sourceTree = "<group>"; };
		B092376527F0EE7A0017C21D /* ContentView.swift */ = {isa = PBXFileReference; lastKnownFileType = sourcecode.swift; path = ContentView.swift; sourceTree = "<group>"; };
		B092376627F0EE7B0017C21D /* Assets.xcassets */ = {isa = PBXFileReference; lastKnownFileType = folder.assetcatalog; path = Assets.xcassets; sourceTree = "<group>"; };
		B092376B27F0EE7B0017C21D /* Taipan.app */ = {isa = PBXFileReference; explicitFileType = wrapper.application; includeInIndex = 0; path = Taipan.app; sourceTree = BUILT_PRODUCTS_DIR; };
		B092377127F0EE7B0017C21D /* Taipan.app */ = {isa = PBXFileReference; explicitFileType = wrapper.application; includeInIndex = 0; path = Taipan.app; sourceTree = BUILT_PRODUCTS_DIR; };
		B092377327F0EE7B0017C21D /* macOS.entitlements */ = {isa = PBXFileReference; lastKnownFileType = text.plist.entitlements; path = macOS.entitlements; sourceTree = "<group>"; };
		B092378E27F10DBA0017C21D /* Taipan--iOS--Info.plist */ = {isa = PBXFileReference; lastKnownFileType = text.plist; path = "Taipan--iOS--Info.plist"; sourceTree = "<group>"; };
		B092379027F10F2E0017C21D /* 1001fonts-morris-roman-eula.txt */ = {isa = PBXFileReference; fileEncoding = 4; lastKnownFileType = text; name = "1001fonts-morris-roman-eula.txt"; path = "Shared/morris-roman/1001fonts-morris-roman-eula.txt"; sourceTree = "<group>"; };
		B092379227F10F2E0017C21D /* MorrisRoman-Black.ttf */ = {isa = PBXFileReference; lastKnownFileType = file; name = "MorrisRoman-Black.ttf"; path = "Shared/morris-roman/MorrisRoman-Black.ttf"; sourceTree = "<group>"; };
		B092379927F18C150017C21D /* TaipanGame.swift */ = {isa = PBXFileReference; lastKnownFileType = sourcecode.swift; path = TaipanGame.swift; sourceTree = "<group>"; };
/* End PBXFileReference section */

/* Begin PBXFrameworksBuildPhase section */
		B092376827F0EE7B0017C21D /* Frameworks */ = {
			isa = PBXFrameworksBuildPhase;
			buildActionMask = 2147483647;
			files = (
			);
			runOnlyForDeploymentPostprocessing = 0;
		};
		B092376E27F0EE7B0017C21D /* Frameworks */ = {
			isa = PBXFrameworksBuildPhase;
			buildActionMask = 2147483647;
			files = (
			);
			runOnlyForDeploymentPostprocessing = 0;
		};
/* End PBXFrameworksBuildPhase section */

/* Begin PBXGroup section */
		B036B56028075A4200245D0A /* iOS */ = {
			isa = PBXGroup;
			children = (
			);
			path = iOS;
			sourceTree = "<group>";
		};
		B092375E27F0EE7A0017C21D = {
			isa = PBXGroup;
			children = (
				B092378E27F10DBA0017C21D /* Taipan--iOS--Info.plist */,
				B092376327F0EE7A0017C21D /* Shared */,
				B036B56028075A4200245D0A /* iOS */,
				B092377227F0EE7B0017C21D /* macOS */,
				B092376C27F0EE7B0017C21D /* Products */,
			);
			sourceTree = "<group>";
		};
		B092376327F0EE7A0017C21D /* Shared */ = {
			isa = PBXGroup;
			children = (
				B092376427F0EE7A0017C21D /* TaipanApp.swift */,
				B092379927F18C150017C21D /* TaipanGame.swift */,
				B092376527F0EE7A0017C21D /* ContentView.swift */,
				B092376627F0EE7B0017C21D /* Assets.xcassets */,
				B092378F27F10F140017C21D /* Morris Roman */,
			);
			path = Shared;
			sourceTree = "<group>";
		};
		B092376C27F0EE7B0017C21D /* Products */ = {
			isa = PBXGroup;
			children = (
				B092376B27F0EE7B0017C21D /* Taipan.app */,
				B092377127F0EE7B0017C21D /* Taipan.app */,
			);
			name = Products;
			sourceTree = "<group>";
		};
		B092377227F0EE7B0017C21D /* macOS */ = {
			isa = PBXGroup;
			children = (
				B092377327F0EE7B0017C21D /* macOS.entitlements */,
			);
			path = macOS;
			sourceTree = "<group>";
		};
		B092378F27F10F140017C21D /* Morris Roman */ = {
			isa = PBXGroup;
			children = (
				B092379027F10F2E0017C21D /* 1001fonts-morris-roman-eula.txt */,
				B092379227F10F2E0017C21D /* MorrisRoman-Black.ttf */,
			);
			name = "Morris Roman";
			path = ..;
			sourceTree = "<group>";
		};
/* End PBXGroup section */

/* Begin PBXNativeTarget section */
		B092376A27F0EE7B0017C21D /* Taipan (iOS) */ = {
			isa = PBXNativeTarget;
			buildConfigurationList = B092377C27F0EE7B0017C21D /* Build configuration list for PBXNativeTarget "Taipan (iOS)" */;
			buildPhases = (
				B092376727F0EE7B0017C21D /* Sources */,
				B092376827F0EE7B0017C21D /* Frameworks */,
				B092376927F0EE7B0017C21D /* Resources */,
			);
			buildRules = (
			);
			dependencies = (
			);
			name = "Taipan (iOS)";
			productName = "Taipan (iOS)";
			productReference = B092376B27F0EE7B0017C21D /* Taipan.app */;
			productType = "com.apple.product-type.application";
		};
		B092377027F0EE7B0017C21D /* Taipan (macOS) */ = {
			isa = PBXNativeTarget;
			buildConfigurationList = B092377F27F0EE7B0017C21D /* Build configuration list for PBXNativeTarget "Taipan (macOS)" */;
			buildPhases = (
				B092376D27F0EE7B0017C21D /* Sources */,
				B092376E27F0EE7B0017C21D /* Frameworks */,
				B092376F27F0EE7B0017C21D /* Resources */,
			);
			buildRules = (
			);
			dependencies = (
			);
			name = "Taipan (macOS)";
			productName = "Taipan (macOS)";
			productReference = B092377127F0EE7B0017C21D /* Taipan.app */;
			productType = "com.apple.product-type.application";
		};
/* End PBXNativeTarget section */

/* Begin PBXProject section */
		B092375F27F0EE7A0017C21D /* Project object */ = {
			isa = PBXProject;
			attributes = {
				BuildIndependentTargetsInParallel = 1;
				LastSwiftUpdateCheck = 1330;
				LastUpgradeCheck = 1330;
				TargetAttributes = {
					B092376A27F0EE7B0017C21D = {
						CreatedOnToolsVersion = 13.3;
					};
					B092377027F0EE7B0017C21D = {
						CreatedOnToolsVersion = 13.3;
					};
				};
			};
			buildConfigurationList = B092376227F0EE7A0017C21D /* Build configuration list for PBXProject "Taipan" */;
			compatibilityVersion = "Xcode 13.0";
			developmentRegion = en;
			hasScannedForEncodings = 0;
			knownRegions = (
				en,
				Base,
			);
			mainGroup = B092375E27F0EE7A0017C21D;
			productRefGroup = B092376C27F0EE7B0017C21D /* Products */;
			projectDirPath = "";
			projectRoot = "";
			targets = (
				B092376A27F0EE7B0017C21D /* Taipan (iOS) */,
				B092377027F0EE7B0017C21D /* Taipan (macOS) */,
			);
		};
/* End PBXProject section */

/* Begin PBXResourcesBuildPhase section */
		B092376927F0EE7B0017C21D /* Resources */ = {
			isa = PBXResourcesBuildPhase;
			buildActionMask = 2147483647;
			files = (
				B092379727F10F2E0017C21D /* MorrisRoman-Black.ttf in Resources */,
				B092377827F0EE7B0017C21D /* Assets.xcassets in Resources */,
			);
			runOnlyForDeploymentPostprocessing = 0;
		};
		B092376F27F0EE7B0017C21D /* Resources */ = {
			isa = PBXResourcesBuildPhase;
			buildActionMask = 2147483647;
			files = (
				B092379827F10F2E0017C21D /* MorrisRoman-Black.ttf in Resources */,
				B092377927F0EE7B0017C21D /* Assets.xcassets in Resources */,
			);
			runOnlyForDeploymentPostprocessing = 0;
		};
/* End PBXResourcesBuildPhase section */

/* Begin PBXSourcesBuildPhase section */
		B092376727F0EE7B0017C21D /* Sources */ = {
			isa = PBXSourcesBuildPhase;
			buildActionMask = 2147483647;
			files = (
				B092377627F0EE7B0017C21D /* ContentView.swift in Sources */,
				B092377427F0EE7B0017C21D /* TaipanApp.swift in Sources */,
				B092379A27F18C150017C21D /* TaipanGame.swift in Sources */,
			);
			runOnlyForDeploymentPostprocessing = 0;
		};
		B092376D27F0EE7B0017C21D /* Sources */ = {
			isa = PBXSourcesBuildPhase;
			buildActionMask = 2147483647;
			files = (
				B092377727F0EE7B0017C21D /* ContentView.swift in Sources */,
				B092377527F0EE7B0017C21D /* TaipanApp.swift in Sources */,
				B092379B27F18C150017C21D /* TaipanGame.swift in Sources */,
			);
			runOnlyForDeploymentPostprocessing = 0;
		};
/* End PBXSourcesBuildPhase section */

/* Begin XCBuildConfiguration section */
		B092377A27F0EE7B0017C21D /* Debug */ = {
			isa = XCBuildConfiguration;
			buildSettings = {
				ALWAYS_SEARCH_USER_PATHS = NO;
				CLANG_ANALYZER_NONNULL = YES;
				CLANG_ANALYZER_NUMBER_OBJECT_CONVERSION = YES_AGGRESSIVE;
				CLANG_CXX_LANGUAGE_STANDARD = "gnu++17";
				CLANG_ENABLE_MODULES = YES;
				CLANG_ENABLE_OBJC_ARC = YES;
				CLANG_ENABLE_OBJC_WEAK = YES;
				CLANG_WARN_BLOCK_CAPTURE_AUTORELEASING = YES;
				CLANG_WARN_BOOL_CONVERSION = YES;
				CLANG_WARN_COMMA = YES;
				CLANG_WARN_CONSTANT_CONVERSION = YES;
				CLANG_WARN_DEPRECATED_OBJC_IMPLEMENTATIONS = YES;
				CLANG_WARN_DIRECT_OBJC_ISA_USAGE = YES_ERROR;
				CLANG_WARN_DOCUMENTATION_COMMENTS = YES;
				CLANG_WARN_EMPTY_BODY = YES;
				CLANG_WARN_ENUM_CONVERSION = YES;
				CLANG_WARN_INFINITE_RECURSION = YES;
				CLANG_WARN_INT_CONVERSION = YES;
				CLANG_WARN_NON_LITERAL_NULL_CONVERSION = YES;
				CLANG_WARN_OBJC_IMPLICIT_RETAIN_SELF = YES;
				CLANG_WARN_OBJC_LITERAL_CONVERSION = YES;
				CLANG_WARN_OBJC_ROOT_CLASS = YES_ERROR;
				CLANG_WARN_QUOTED_INCLUDE_IN_FRAMEWORK_HEADER = YES;
				CLANG_WARN_RANGE_LOOP_ANALYSIS = YES;
				CLANG_WARN_STRICT_PROTOTYPES = YES;
				CLANG_WARN_SUSPICIOUS_MOVE = YES;
				CLANG_WARN_UNGUARDED_AVAILABILITY = YES_AGGRESSIVE;
				CLANG_WARN_UNREACHABLE_CODE = YES;
				CLANG_WARN__DUPLICATE_METHOD_MATCH = YES;
				COPY_PHASE_STRIP = NO;
				DEBUG_INFORMATION_FORMAT = dwarf;
				ENABLE_STRICT_OBJC_MSGSEND = YES;
				ENABLE_TESTABILITY = YES;
				GCC_C_LANGUAGE_STANDARD = gnu11;
				GCC_DYNAMIC_NO_PIC = NO;
				GCC_NO_COMMON_BLOCKS = YES;
				GCC_OPTIMIZATION_LEVEL = 0;
				GCC_PREPROCESSOR_DEFINITIONS = (
					"DEBUG=1",
					"$(inherited)",
				);
				GCC_WARN_64_TO_32_BIT_CONVERSION = YES;
				GCC_WARN_ABOUT_RETURN_TYPE = YES_ERROR;
				GCC_WARN_UNDECLARED_SELECTOR = YES;
				GCC_WARN_UNINITIALIZED_AUTOS = YES_AGGRESSIVE;
				GCC_WARN_UNUSED_FUNCTION = YES;
				GCC_WARN_UNUSED_VARIABLE = YES;
				MTL_ENABLE_DEBUG_INFO = INCLUDE_SOURCE;
				MTL_FAST_MATH = YES;
				ONLY_ACTIVE_ARCH = YES;
				SWIFT_ACTIVE_COMPILATION_CONDITIONS = DEBUG;
				SWIFT_OPTIMIZATION_LEVEL = "-Onone";
			};
			name = Debug;
		};
		B092377B27F0EE7B0017C21D /* Release */ = {
			isa = XCBuildConfiguration;
			buildSettings = {
				ALWAYS_SEARCH_USER_PATHS = NO;
				CLANG_ANALYZER_NONNULL = YES;
				CLANG_ANALYZER_NUMBER_OBJECT_CONVERSION = YES_AGGRESSIVE;
				CLANG_CXX_LANGUAGE_STANDARD = "gnu++17";
				CLANG_ENABLE_MODULES = YES;
				CLANG_ENABLE_OBJC_ARC = YES;
				CLANG_ENABLE_OBJC_WEAK = YES;
				CLANG_WARN_BLOCK_CAPTURE_AUTORELEASING = YES;
				CLANG_WARN_BOOL_CONVERSION = YES;
				CLANG_WARN_COMMA = YES;
				CLANG_WARN_CONSTANT_CONVERSION = YES;
				CLANG_WARN_DEPRECATED_OBJC_IMPLEMENTATIONS = YES;
				CLANG_WARN_DIRECT_OBJC_ISA_USAGE = YES_ERROR;
				CLANG_WARN_DOCUMENTATION_COMMENTS = YES;
				CLANG_WARN_EMPTY_BODY = YES;
				CLANG_WARN_ENUM_CONVERSION = YES;
				CLANG_WARN_INFINITE_RECURSION = YES;
				CLANG_WARN_INT_CONVERSION = YES;
				CLANG_WARN_NON_LITERAL_NULL_CONVERSION = YES;
				CLANG_WARN_OBJC_IMPLICIT_RETAIN_SELF = YES;
				CLANG_WARN_OBJC_LITERAL_CONVERSION = YES;
				CLANG_WARN_OBJC_ROOT_CLASS = YES_ERROR;
				CLANG_WARN_QUOTED_INCLUDE_IN_FRAMEWORK_HEADER = YES;
				CLANG_WARN_RANGE_LOOP_ANALYSIS = YES;
				CLANG_WARN_STRICT_PROTOTYPES = YES;
				CLANG_WARN_SUSPICIOUS_MOVE = YES;
				CLANG_WARN_UNGUARDED_AVAILABILITY = YES_AGGRESSIVE;
				CLANG_WARN_UNREACHABLE_CODE = YES;
				CLANG_WARN__DUPLICATE_METHOD_MATCH = YES;
				COPY_PHASE_STRIP = NO;
				DEBUG_INFORMATION_FORMAT = "dwarf-with-dsym";
				ENABLE_NS_ASSERTIONS = NO;
				ENABLE_STRICT_OBJC_MSGSEND = YES;
				GCC_C_LANGUAGE_STANDARD = gnu11;
				GCC_NO_COMMON_BLOCKS = YES;
				GCC_WARN_64_TO_32_BIT_CONVERSION = YES;
				GCC_WARN_ABOUT_RETURN_TYPE = YES_ERROR;
				GCC_WARN_UNDECLARED_SELECTOR = YES;
				GCC_WARN_UNINITIALIZED_AUTOS = YES_AGGRESSIVE;
				GCC_WARN_UNUSED_FUNCTION = YES;
				GCC_WARN_UNUSED_VARIABLE = YES;
				MTL_ENABLE_DEBUG_INFO = NO;
				MTL_FAST_MATH = YES;
				SWIFT_COMPILATION_MODE = wholemodule;
				SWIFT_OPTIMIZATION_LEVEL = "-O";
			};
			name = Release;
		};
		B092377D27F0EE7B0017C21D /* Debug */ = {
			isa = XCBuildConfiguration;
			buildSettings = {
				ASSETCATALOG_COMPILER_APPICON_NAME = AppIcon;
				ASSETCATALOG_COMPILER_GLOBAL_ACCENT_COLOR_NAME = AccentColor;
				CODE_SIGN_IDENTITY = "Apple Development";
				CODE_SIGN_STYLE = Automatic;
				CURRENT_PROJECT_VERSION = 1;
				DEVELOPMENT_TEAM = "";
				ENABLE_PREVIEWS = YES;
				GENERATE_INFOPLIST_FILE = YES;
				INFOPLIST_FILE = "Taipan--iOS--Info.plist";
				INFOPLIST_KEY_CFBundleDisplayName = "Taipan!";
				INFOPLIST_KEY_UIApplicationSceneManifest_Generation = YES;
				INFOPLIST_KEY_UIApplicationSupportsIndirectInputEvents = YES;
				INFOPLIST_KEY_UIStatusBarHidden = YES;
				INFOPLIST_KEY_UISupportedInterfaceOrientations_iPad = "UIInterfaceOrientationPortrait UIInterfaceOrientationPortraitUpsideDown UIInterfaceOrientationLandscapeLeft UIInterfaceOrientationLandscapeRight";
				INFOPLIST_KEY_UISupportedInterfaceOrientations_iPhone = "UIInterfaceOrientationPortrait UIInterfaceOrientationLandscapeLeft UIInterfaceOrientationLandscapeRight";
				IPHONEOS_DEPLOYMENT_TARGET = 15.0;
				LD_RUNPATH_SEARCH_PATHS = (
					"$(inherited)",
					"@executable_path/Frameworks",
				);
				MARKETING_VERSION = 1.0;
				PRODUCT_BUNDLE_IDENTIFIER = com.tampinco.Taipan;
				PRODUCT_NAME = Taipan;
				PROVISIONING_PROFILE_SPECIFIER = "";
				SDKROOT = iphoneos;
				SWIFT_EMIT_LOC_STRINGS = YES;
				SWIFT_VERSION = 5.0;
				TARGETED_DEVICE_FAMILY = "1,2";
			};
			name = Debug;
		};
		B092377E27F0EE7B0017C21D /* Release */ = {
			isa = XCBuildConfiguration;
			buildSettings = {
				ASSETCATALOG_COMPILER_APPICON_NAME = AppIcon;
				ASSETCATALOG_COMPILER_GLOBAL_ACCENT_COLOR_NAME = AccentColor;
				CODE_SIGN_IDENTITY = "Apple Development";
				CODE_SIGN_STYLE = Automatic;
				CURRENT_PROJECT_VERSION = 1;
				DEVELOPMENT_TEAM = "";
				ENABLE_PREVIEWS = YES;
				GENERATE_INFOPLIST_FILE = YES;
				INFOPLIST_FILE = "Taipan--iOS--Info.plist";
				INFOPLIST_KEY_CFBundleDisplayName = "Taipan!";
				INFOPLIST_KEY_UIApplicationSceneManifest_Generation = YES;
				INFOPLIST_KEY_UIApplicationSupportsIndirectInputEvents = YES;
				INFOPLIST_KEY_UIStatusBarHidden = YES;
				INFOPLIST_KEY_UISupportedInterfaceOrientations_iPad = "UIInterfaceOrientationPortrait UIInterfaceOrientationPortraitUpsideDown UIInterfaceOrientationLandscapeLeft UIInterfaceOrientationLandscapeRight";
				INFOPLIST_KEY_UISupportedInterfaceOrientations_iPhone = "UIInterfaceOrientationPortrait UIInterfaceOrientationLandscapeLeft UIInterfaceOrientationLandscapeRight";
				IPHONEOS_DEPLOYMENT_TARGET = 15.0;
				LD_RUNPATH_SEARCH_PATHS = (
					"$(inherited)",
					"@executable_path/Frameworks",
				);
				MARKETING_VERSION = 1.0;
				PRODUCT_BUNDLE_IDENTIFIER = com.tampinco.Taipan;
				PRODUCT_NAME = Taipan;
				PROVISIONING_PROFILE_SPECIFIER = "";
				SDKROOT = iphoneos;
				SWIFT_EMIT_LOC_STRINGS = YES;
				SWIFT_VERSION = 5.0;
				TARGETED_DEVICE_FAMILY = "1,2";
				VALIDATE_PRODUCT = YES;
			};
			name = Release;
		};
		B092378027F0EE7B0017C21D /* Debug */ = {
			isa = XCBuildConfiguration;
			buildSettings = {
				ASSETCATALOG_COMPILER_APPICON_NAME = AppIcon;
				ASSETCATALOG_COMPILER_GLOBAL_ACCENT_COLOR_NAME = AccentColor;
				CODE_SIGN_ENTITLEMENTS = macOS/macOS.entitlements;
				CODE_SIGN_STYLE = Automatic;
				COMBINE_HIDPI_IMAGES = YES;
				CURRENT_PROJECT_VERSION = 1;
				ENABLE_PREVIEWS = YES;
				GENERATE_INFOPLIST_FILE = YES;
				INFOPLIST_FILE = "Taipan--macOS--Info.plist";
				INFOPLIST_KEY_NSHumanReadableCopyright = "";
				LD_RUNPATH_SEARCH_PATHS = (
					"$(inherited)",
					"@executable_path/../Frameworks",
				);
				MACOSX_DEPLOYMENT_TARGET = 12.3;
				MARKETING_VERSION = 1.0;
				PRODUCT_BUNDLE_IDENTIFIER = com.tampinco.Taipan;
				PRODUCT_NAME = Taipan;
				SDKROOT = macosx;
				SWIFT_EMIT_LOC_STRINGS = YES;
				SWIFT_VERSION = 5.0;
			};
			name = Debug;
		};
		B092378127F0EE7B0017C21D /* Release */ = {
			isa = XCBuildConfiguration;
			buildSettings = {
				ASSETCATALOG_COMPILER_APPICON_NAME = AppIcon;
				ASSETCATALOG_COMPILER_GLOBAL_ACCENT_COLOR_NAME = AccentColor;
				CODE_SIGN_ENTITLEMENTS = macOS/macOS.entitlements;
				CODE_SIGN_STYLE = Automatic;
				COMBINE_HIDPI_IMAGES = YES;
				CURRENT_PROJECT_VERSION = 1;
				ENABLE_PREVIEWS = YES;
				GENERATE_INFOPLIST_FILE = YES;
				INFOPLIST_FILE = "Taipan--macOS--Info.plist";
				INFOPLIST_KEY_NSHumanReadableCopyright = "";
				LD_RUNPATH_SEARCH_PATHS = (
					"$(inherited)",
					"@executable_path/../Frameworks",
				);
				MACOSX_DEPLOYMENT_TARGET = 12.3;
				MARKETING_VERSION = 1.0;
				PRODUCT_BUNDLE_IDENTIFIER = com.tampinco.Taipan;
				PRODUCT_NAME = Taipan;
				SDKROOT = macosx;
				SWIFT_EMIT_LOC_STRINGS = YES;
				SWIFT_VERSION = 5.0;
			};
			name = Release;
		};
/* End XCBuildConfiguration section */

/* Begin XCConfigurationList section */
		B092376227F0EE7A0017C21D /* Build configuration list for PBXProject "Taipan" */ = {
			isa = XCConfigurationList;
			buildConfigurations = (
				B092377A27F0EE7B0017C21D /* Debug */,
				B092377B27F0EE7B0017C21D /* Release */,
			);
			defaultConfigurationIsVisible = 0;
			defaultConfigurationName = Release;
		};
		B092377C27F0EE7B0017C21D /* Build configuration list for PBXNativeTarget "Taipan (iOS)" */ = {
			isa = XCConfigurationList;
			buildConfigurations = (
				B092377D27F0EE7B0017C21D /* Debug */,
				B092377E27F0EE7B0017C21D /* Release */,
			);
			defaultConfigurationIsVisible = 0;
			defaultConfigurationName = Release;
		};
		B092377F27F0EE7B0017C21D /* Build configuration list for PBXNativeTarget "Taipan (macOS)" */ = {
			isa = XCConfigurationList;
			buildConfigurations = (
				B092378027F0EE7B0017C21D /* Debug */,
				B092378127F0EE7B0017C21D /* Release */,
			);
			defaultConfigurationIsVisible = 0;
			defaultConfigurationName = Release;
		};
/* End XCConfigurationList section */
	};
	rootObject = B092375F27F0EE7A0017C21D /* Project object */;
}
